// !$*UTF8*$!
{
	archiveVersion = 1;
	classes = {
	};
	objectVersion = 46;
	objects = {

/* Begin PBXBuildFile section */
		4F54E6FC184E3F5400A37D9F /* Foundation.framework in Frameworks */ = {isa = PBXBuildFile; fileRef = 4F54E6FB184E3F5400A37D9F /* Foundation.framework */; };
		4F54E6FE184E3F5400A37D9F /* CoreGraphics.framework in Frameworks */ = {isa = PBXBuildFile; fileRef = 4F54E6FD184E3F5400A37D9F /* CoreGraphics.framework */; };
		4F54E700184E3F5400A37D9F /* UIKit.framework in Frameworks */ = {isa = PBXBuildFile; fileRef = 4F54E6FF184E3F5400A37D9F /* UIKit.framework */; };
		4F54E706184E3F5400A37D9F /* InfoPlist.strings in Resources */ = {isa = PBXBuildFile; fileRef = 4F54E704184E3F5400A37D9F /* InfoPlist.strings */; };
		4F54E708184E3F5400A37D9F /* main.m in Sources */ = {isa = PBXBuildFile; fileRef = 4F54E707184E3F5400A37D9F /* main.m */; };
		4F54E70C184E3F5400A37D9F /* AppDelegate.m in Sources */ = {isa = PBXBuildFile; fileRef = 4F54E70B184E3F5400A37D9F /* AppDelegate.m */; };
		4F54E70F184E3F5400A37D9F /* Main.storyboard in Resources */ = {isa = PBXBuildFile; fileRef = 4F54E70D184E3F5400A37D9F /* Main.storyboard */; };
		4F54E712184E3F5400A37D9F /* ViewController.m in Sources */ = {isa = PBXBuildFile; fileRef = 4F54E711184E3F5400A37D9F /* ViewController.m */; };
		4F54E714184E3F5400A37D9F /* Images.xcassets in Resources */ = {isa = PBXBuildFile; fileRef = 4F54E713184E3F5400A37D9F /* Images.xcassets */; };
		4F54E71B184E3F5400A37D9F /* XCTest.framework in Frameworks */ = {isa = PBXBuildFile; fileRef = 4F54E71A184E3F5400A37D9F /* XCTest.framework */; };
		4F54E71C184E3F5400A37D9F /* Foundation.framework in Frameworks */ = {isa = PBXBuildFile; fileRef = 4F54E6FB184E3F5400A37D9F /* Foundation.framework */; };
		4F54E71D184E3F5400A37D9F /* UIKit.framework in Frameworks */ = {isa = PBXBuildFile; fileRef = 4F54E6FF184E3F5400A37D9F /* UIKit.framework */; };
		4F54E725184E3F5400A37D9F /* InfoPlist.strings in Resources */ = {isa = PBXBuildFile; fileRef = 4F54E723184E3F5400A37D9F /* InfoPlist.strings */; };
		4F54E727184E3F5400A37D9F /* EMSideMenuSampleTests.m in Sources */ = {isa = PBXBuildFile; fileRef = 4F54E726184E3F5400A37D9F /* EMSideMenuSampleTests.m */; };
		4F54E736184E3FB300A37D9F /* EMSideMenu.m in Sources */ = {isa = PBXBuildFile; fileRef = 4F54E735184E3FB300A37D9F /* EMSideMenu.m */; };
/* End PBXBuildFile section */

/* Begin PBXContainerItemProxy section */
		4F54E71E184E3F5400A37D9F /* PBXContainerItemProxy */ = {
			isa = PBXContainerItemProxy;
			containerPortal = 4F54E6F0184E3F5400A37D9F /* Project object */;
			proxyType = 1;
			remoteGlobalIDString = 4F54E6F7184E3F5400A37D9F;
			remoteInfo = EMSideMenuSample;
		};
/* End PBXContainerItemProxy section */

/* Begin PBXFileReference section */
		4F54E6F8184E3F5400A37D9F /* EMSideMenuSample.app */ = {isa = PBXFileReference; explicitFileType = wrapper.application; includeInIndex = 0; path = EMSideMenuSample.app; sourceTree = BUILT_PRODUCTS_DIR; };
		4F54E6FB184E3F5400A37D9F /* Foundation.framework */ = {isa = PBXFileReference; lastKnownFileType = wrapper.framework; name = Foundation.framework; path = System/Library/Frameworks/Foundation.framework; sourceTree = SDKROOT; };
		4F54E6FD184E3F5400A37D9F /* CoreGraphics.framework */ = {isa = PBXFileReference; lastKnownFileType = wrapper.framework; name = CoreGraphics.framework; path = System/Library/Frameworks/CoreGraphics.framework; sourceTree = SDKROOT; };
		4F54E6FF184E3F5400A37D9F /* UIKit.framework */ = {isa = PBXFileReference; lastKnownFileType = wrapper.framework; name = UIKit.framework; path = System/Library/Frameworks/UIKit.framework; sourceTree = SDKROOT; };
		4F54E703184E3F5400A37D9F /* EMSideMenuSample-Info.plist */ = {isa = PBXFileReference; lastKnownFileType = text.plist.xml; path = "EMSideMenuSample-Info.plist"; sourceTree = "<group>"; };
		4F54E705184E3F5400A37D9F /* en */ = {isa = PBXFileReference; lastKnownFileType = text.plist.strings; name = en; path = en.lproj/InfoPlist.strings; sourceTree = "<group>"; };
		4F54E707184E3F5400A37D9F /* main.m */ = {isa = PBXFileReference; lastKnownFileType = sourcecode.c.objc; path = main.m; sourceTree = "<group>"; };
		4F54E709184E3F5400A37D9F /* EMSideMenuSample-Prefix.pch */ = {isa = PBXFileReference; lastKnownFileType = sourcecode.c.h; path = "EMSideMenuSample-Prefix.pch"; sourceTree = "<group>"; };
		4F54E70A184E3F5400A37D9F /* AppDelegate.h */ = {isa = PBXFileReference; lastKnownFileType = sourcecode.c.h; path = AppDelegate.h; sourceTree = "<group>"; };
		4F54E70B184E3F5400A37D9F /* AppDelegate.m */ = {isa = PBXFileReference; lastKnownFileType = sourcecode.c.objc; path = AppDelegate.m; sourceTree = "<group>"; };
		4F54E70E184E3F5400A37D9F /* Base */ = {isa = PBXFileReference; lastKnownFileType = file.storyboard; name = Base; path = Base.lproj/Main.storyboard; sourceTree = "<group>"; };
		4F54E710184E3F5400A37D9F /* ViewController.h */ = {isa = PBXFileReference; lastKnownFileType = sourcecode.c.h; path = ViewController.h; sourceTree = "<group>"; };
		4F54E711184E3F5400A37D9F /* ViewController.m */ = {isa = PBXFileReference; lastKnownFileType = sourcecode.c.objc; path = ViewController.m; sourceTree = "<group>"; };
		4F54E713184E3F5400A37D9F /* Images.xcassets */ = {isa = PBXFileReference; lastKnownFileType = folder.assetcatalog; path = Images.xcassets; sourceTree = "<group>"; };
		4F54E719184E3F5400A37D9F /* EMSideMenuSampleTests.xctest */ = {isa = PBXFileReference; explicitFileType = wrapper.cfbundle; includeInIndex = 0; path = EMSideMenuSampleTests.xctest; sourceTree = BUILT_PRODUCTS_DIR; };
		4F54E71A184E3F5400A37D9F /* XCTest.framework */ = {isa = PBXFileReference; lastKnownFileType = wrapper.framework; name = XCTest.framework; path = Library/Frameworks/XCTest.framework; sourceTree = DEVELOPER_DIR; };
		4F54E722184E3F5400A37D9F /* EMSideMenuSampleTests-Info.plist */ = {isa = PBXFileReference; lastKnownFileType = text.plist.xml; path = "EMSideMenuSampleTests-Info.plist"; sourceTree = "<group>"; };
		4F54E724184E3F5400A37D9F /* en */ = {isa = PBXFileReference; lastKnownFileType = text.plist.strings; name = en; path = en.lproj/InfoPlist.strings; sourceTree = "<group>"; };
		4F54E726184E3F5400A37D9F /* EMSideMenuSampleTests.m */ = {isa = PBXFileReference; lastKnownFileType = sourcecode.c.objc; path = EMSideMenuSampleTests.m; sourceTree = "<group>"; };
		4F54E734184E3FB300A37D9F /* EMSideMenu.h */ = {isa = PBXFileReference; fileEncoding = 4; lastKnownFileType = sourcecode.c.h; path = EMSideMenu.h; sourceTree = "<group>"; };
		4F54E735184E3FB300A37D9F /* EMSideMenu.m */ = {isa = PBXFileReference; fileEncoding = 4; indentWidth = 4; lastKnownFileType = sourcecode.c.objc; path = EMSideMenu.m; sourceTree = "<group>"; tabWidth = 4; };
/* End PBXFileReference section */

/* Begin PBXFrameworksBuildPhase section */
		4F54E6F5184E3F5400A37D9F /* Frameworks */ = {
			isa = PBXFrameworksBuildPhase;
			buildActionMask = 2147483647;
			files = (
				4F54E6FE184E3F5400A37D9F /* CoreGraphics.framework in Frameworks */,
				4F54E700184E3F5400A37D9F /* UIKit.framework in Frameworks */,
				4F54E6FC184E3F5400A37D9F /* Foundation.framework in Frameworks */,
			);
			runOnlyForDeploymentPostprocessing = 0;
		};
		4F54E716184E3F5400A37D9F /* Frameworks */ = {
			isa = PBXFrameworksBuildPhase;
			buildActionMask = 2147483647;
			files = (
				4F54E71B184E3F5400A37D9F /* XCTest.framework in Frameworks */,
				4F54E71D184E3F5400A37D9F /* UIKit.framework in Frameworks */,
				4F54E71C184E3F5400A37D9F /* Foundation.framework in Frameworks */,
			);
			runOnlyForDeploymentPostprocessing = 0;
		};
/* End PBXFrameworksBuildPhase section */

/* Begin PBXGroup section */
		4F54E6EF184E3F5400A37D9F = {
			isa = PBXGroup;
			children = (
				4F54E701184E3F5400A37D9F /* EMSideMenuSample */,
				4F54E720184E3F5400A37D9F /* EMSideMenuSampleTests */,
				4F54E6FA184E3F5400A37D9F /* Frameworks */,
				4F54E6F9184E3F5400A37D9F /* Products */,
			);
			sourceTree = "<group>";
		};
		4F54E6F9184E3F5400A37D9F /* Products */ = {
			isa = PBXGroup;
			children = (
				4F54E6F8184E3F5400A37D9F /* EMSideMenuSample.app */,
				4F54E719184E3F5400A37D9F /* EMSideMenuSampleTests.xctest */,
			);
			name = Products;
			sourceTree = "<group>";
		};
		4F54E6FA184E3F5400A37D9F /* Frameworks */ = {
			isa = PBXGroup;
			children = (
				4F54E6FB184E3F5400A37D9F /* Foundation.framework */,
				4F54E6FD184E3F5400A37D9F /* CoreGraphics.framework */,
				4F54E6FF184E3F5400A37D9F /* UIKit.framework */,
				4F54E71A184E3F5400A37D9F /* XCTest.framework */,
			);
			name = Frameworks;
			sourceTree = "<group>";
		};
		4F54E701184E3F5400A37D9F /* EMSideMenuSample */ = {
			isa = PBXGroup;
			children = (
				4F54E733184E3FB300A37D9F /* EMSideMenu */,
				4F54E70A184E3F5400A37D9F /* AppDelegate.h */,
				4F54E70B184E3F5400A37D9F /* AppDelegate.m */,
				4F54E70D184E3F5400A37D9F /* Main.storyboard */,
				4F54E710184E3F5400A37D9F /* ViewController.h */,
				4F54E711184E3F5400A37D9F /* ViewController.m */,
				4F54E713184E3F5400A37D9F /* Images.xcassets */,
				4F54E702184E3F5400A37D9F /* Supporting Files */,
			);
			path = EMSideMenuSample;
			sourceTree = "<group>";
		};
		4F54E702184E3F5400A37D9F /* Supporting Files */ = {
			isa = PBXGroup;
			children = (
				4F54E703184E3F5400A37D9F /* EMSideMenuSample-Info.plist */,
				4F54E704184E3F5400A37D9F /* InfoPlist.strings */,
				4F54E707184E3F5400A37D9F /* main.m */,
				4F54E709184E3F5400A37D9F /* EMSideMenuSample-Prefix.pch */,
			);
			name = "Supporting Files";
			sourceTree = "<group>";
		};
		4F54E720184E3F5400A37D9F /* EMSideMenuSampleTests */ = {
			isa = PBXGroup;
			children = (
				4F54E726184E3F5400A37D9F /* EMSideMenuSampleTests.m */,
				4F54E721184E3F5400A37D9F /* Supporting Files */,
			);
			path = EMSideMenuSampleTests;
			sourceTree = "<group>";
		};
		4F54E721184E3F5400A37D9F /* Supporting Files */ = {
			isa = PBXGroup;
			children = (
				4F54E722184E3F5400A37D9F /* EMSideMenuSampleTests-Info.plist */,
				4F54E723184E3F5400A37D9F /* InfoPlist.strings */,
			);
			name = "Supporting Files";
			sourceTree = "<group>";
		};
		4F54E733184E3FB300A37D9F /* EMSideMenu */ = {
			isa = PBXGroup;
			children = (
				4F54E734184E3FB300A37D9F /* EMSideMenu.h */,
				4F54E735184E3FB300A37D9F /* EMSideMenu.m */,
			);
			name = EMSideMenu;
			path = ../../EMSideMenu;
			sourceTree = "<group>";
		};
/* End PBXGroup section */

/* Begin PBXNativeTarget section */
		4F54E6F7184E3F5400A37D9F /* EMSideMenuSample */ = {
			isa = PBXNativeTarget;
			buildConfigurationList = 4F54E72A184E3F5400A37D9F /* Build configuration list for PBXNativeTarget "EMSideMenuSample" */;
			buildPhases = (
				4F54E6F4184E3F5400A37D9F /* Sources */,
				4F54E6F5184E3F5400A37D9F /* Frameworks */,
				4F54E6F6184E3F5400A37D9F /* Resources */,
			);
			buildRules = (
			);
			dependencies = (
			);
			name = EMSideMenuSample;
			productName = EMSideMenuSample;
			productReference = 4F54E6F8184E3F5400A37D9F /* EMSideMenuSample.app */;
			productType = "com.apple.product-type.application";
		};
		4F54E718184E3F5400A37D9F /* EMSideMenuSampleTests */ = {
			isa = PBXNativeTarget;
			buildConfigurationList = 4F54E72D184E3F5400A37D9F /* Build configuration list for PBXNativeTarget "EMSideMenuSampleTests" */;
			buildPhases = (
				4F54E715184E3F5400A37D9F /* Sources */,
				4F54E716184E3F5400A37D9F /* Frameworks */,
				4F54E717184E3F5400A37D9F /* Resources */,
			);
			buildRules = (
			);
			dependencies = (
				4F54E71F184E3F5400A37D9F /* PBXTargetDependency */,
			);
			name = EMSideMenuSampleTests;
			productName = EMSideMenuSampleTests;
			productReference = 4F54E719184E3F5400A37D9F /* EMSideMenuSampleTests.xctest */;
			productType = "com.apple.product-type.bundle.unit-test";
		};
/* End PBXNativeTarget section */

/* Begin PBXProject section */
		4F54E6F0184E3F5400A37D9F /* Project object */ = {
			isa = PBXProject;
			attributes = {
				LastUpgradeCheck = 0500;
				ORGANIZATIONNAME = elliottminns;
				TargetAttributes = {
					4F54E718184E3F5400A37D9F = {
						TestTargetID = 4F54E6F7184E3F5400A37D9F;
					};
				};
			};
			buildConfigurationList = 4F54E6F3184E3F5400A37D9F /* Build configuration list for PBXProject "EMSideMenuSample" */;
			compatibilityVersion = "Xcode 3.2";
			developmentRegion = English;
			hasScannedForEncodings = 0;
			knownRegions = (
				en,
				Base,
			);
			mainGroup = 4F54E6EF184E3F5400A37D9F;
			productRefGroup = 4F54E6F9184E3F5400A37D9F /* Products */;
			projectDirPath = "";
			projectRoot = "";
			targets = (
				4F54E6F7184E3F5400A37D9F /* EMSideMenuSample */,
				4F54E718184E3F5400A37D9F /* EMSideMenuSampleTests */,
			);
		};
/* End PBXProject section */

/* Begin PBXResourcesBuildPhase section */
		4F54E6F6184E3F5400A37D9F /* Resources */ = {
			isa = PBXResourcesBuildPhase;
			buildActionMask = 2147483647;
			files = (
				4F54E714184E3F5400A37D9F /* Images.xcassets in Resources */,
				4F54E706184E3F5400A37D9F /* InfoPlist.strings in Resources */,
				4F54E70F184E3F5400A37D9F /* Main.storyboard in Resources */,
			);
			runOnlyForDeploymentPostprocessing = 0;
		};
		4F54E717184E3F5400A37D9F /* Resources */ = {
			isa = PBXResourcesBuildPhase;
			buildActionMask = 2147483647;
			files = (
				4F54E725184E3F5400A37D9F /* InfoPlist.strings in Resources */,
			);
			runOnlyForDeploymentPostprocessing = 0;
		};
/* End PBXResourcesBuildPhase section */

/* Begin PBXSourcesBuildPhase section */
		4F54E6F4184E3F5400A37D9F /* Sources */ = {
			isa = PBXSourcesBuildPhase;
			buildActionMask = 2147483647;
			files = (
				4F54E712184E3F5400A37D9F /* ViewController.m in Sources */,
				4F54E70C184E3F5400A37D9F /* AppDelegate.m in Sources */,
				4F54E708184E3F5400A37D9F /* main.m in Sources */,
				4F54E736184E3FB300A37D9F /* EMSideMenu.m in Sources */,
			);
			runOnlyForDeploymentPostprocessing = 0;
		};
		4F54E715184E3F5400A37D9F /* Sources */ = {
			isa = PBXSourcesBuildPhase;
			buildActionMask = 2147483647;
			files = (
				4F54E727184E3F5400A37D9F /* EMSideMenuSampleTests.m in Sources */,
			);
			runOnlyForDeploymentPostprocessing = 0;
		};
/* End PBXSourcesBuildPhase section */

/* Begin PBXTargetDependency section */
		4F54E71F184E3F5400A37D9F /* PBXTargetDependency */ = {
			isa = PBXTargetDependency;
			target = 4F54E6F7184E3F5400A37D9F /* EMSideMenuSample */;
			targetProxy = 4F54E71E184E3F5400A37D9F /* PBXContainerItemProxy */;
		};
/* End PBXTargetDependency section */

/* Begin PBXVariantGroup section */
		4F54E704184E3F5400A37D9F /* InfoPlist.strings */ = {
			isa = PBXVariantGroup;
			children = (
				4F54E705184E3F5400A37D9F /* en */,
			);
			name = InfoPlist.strings;
			sourceTree = "<group>";
		};
		4F54E70D184E3F5400A37D9F /* Main.storyboard */ = {
			isa = PBXVariantGroup;
			children = (
				4F54E70E184E3F5400A37D9F /* Base */,
			);
			name = Main.storyboard;
			sourceTree = "<group>";
		};
		4F54E723184E3F5400A37D9F /* InfoPlist.strings */ = {
			isa = PBXVariantGroup;
			children = (
				4F54E724184E3F5400A37D9F /* en */,
			);
			name = InfoPlist.strings;
			sourceTree = "<group>";
		};
/* End PBXVariantGroup section */

/* Begin XCBuildConfiguration section */
		4F54E728184E3F5400A37D9F /* Debug */ = {
			isa = XCBuildConfiguration;
			buildSettings = {
				ALWAYS_SEARCH_USER_PATHS = NO;
				ARCHS = "$(ARCHS_STANDARD_INCLUDING_64_BIT)";
				CLANG_CXX_LANGUAGE_STANDARD = "gnu++0x";
				CLANG_CXX_LIBRARY = "libc++";
				CLANG_ENABLE_MODULES = YES;
				CLANG_ENABLE_OBJC_ARC = YES;
				CLANG_WARN_BOOL_CONVERSION = YES;
				CLANG_WARN_CONSTANT_CONVERSION = YES;
				CLANG_WARN_DIRECT_OBJC_ISA_USAGE = YES_ERROR;
				CLANG_WARN_EMPTY_BODY = YES;
				CLANG_WARN_ENUM_CONVERSION = YES;
				CLANG_WARN_INT_CONVERSION = YES;
				CLANG_WARN_OBJC_ROOT_CLASS = YES_ERROR;
				CLANG_WARN__DUPLICATE_METHOD_MATCH = YES;
				"CODE_SIGN_IDENTITY[sdk=iphoneos*]" = "iPhone Developer";
				COPY_PHASE_STRIP = NO;
				GCC_C_LANGUAGE_STANDARD = gnu99;
				GCC_DYNAMIC_NO_PIC = NO;
				GCC_OPTIMIZATION_LEVEL = 0;
				GCC_PREPROCESSOR_DEFINITIONS = (
					"DEBUG=1",
					"$(inherited)",
				);
				GCC_SYMBOLS_PRIVATE_EXTERN = NO;
				GCC_WARN_64_TO_32_BIT_CONVERSION = YES;
				GCC_WARN_ABOUT_RETURN_TYPE = YES_ERROR;
				GCC_WARN_UNDECLARED_SELECTOR = YES;
				GCC_WARN_UNINITIALIZED_AUTOS = YES;
				GCC_WARN_UNUSED_FUNCTION = YES;
				GCC_WARN_UNUSED_VARIABLE = YES;
				IPHONEOS_DEPLOYMENT_TARGET = 7.0;
				ONLY_ACTIVE_ARCH = YES;
				SDKROOT = iphoneos;
			};
			name = Debug;
		};
		4F54E729184E3F5400A37D9F /* Release */ = {
			isa = XCBuildConfiguration;
			buildSettings = {
				ALWAYS_SEARCH_USER_PATHS = NO;
				ARCHS = "$(ARCHS_STANDARD_INCLUDING_64_BIT)";
				CLANG_CXX_LANGUAGE_STANDARD = "gnu++0x";
				CLANG_CXX_LIBRARY = "libc++";
				CLANG_ENABLE_MODULES = YES;
				CLANG_ENABLE_OBJC_ARC = YES;
				CLANG_WARN_BOOL_CONVERSION = YES;
				CLANG_WARN_CONSTANT_CONVERSION = YES;
				CLANG_WARN_DIRECT_OBJC_ISA_USAGE = YES_ERROR;
				CLANG_WARN_EMPTY_BODY = YES;
				CLANG_WARN_ENUM_CONVERSION = YES;
				CLANG_WARN_INT_CONVERSION = YES;
				CLANG_WARN_OBJC_ROOT_CLASS = YES_ERROR;
				CLANG_WARN__DUPLICATE_METHOD_MATCH = YES;
				"CODE_SIGN_IDENTITY[sdk=iphoneos*]" = "iPhone Developer";
				COPY_PHASE_STRIP = YES;
				ENABLE_NS_ASSERTIONS = NO;
				GCC_C_LANGUAGE_STANDARD = gnu99;
				GCC_WARN_64_TO_32_BIT_CONVERSION = YES;
				GCC_WARN_ABOUT_RETURN_TYPE = YES_ERROR;
				GCC_WARN_UNDECLARED_SELECTOR = YES;
				GCC_WARN_UNINITIALIZED_AUTOS = YES;
				GCC_WARN_UNUSED_FUNCTION = YES;
				GCC_WARN_UNUSED_VARIABLE = YES;
				IPHONEOS_DEPLOYMENT_TARGET = 7.0;
				SDKROOT = iphoneos;
				VALIDATE_PRODUCT = YES;
			};
			name = Release;
		};
		4F54E72B184E3F5400A37D9F /* Debug */ = {
			isa = XCBuildConfiguration;
			buildSettings = {
				ASSETCATALOG_COMPILER_APPICON_NAME = AppIcon;
				ASSETCATALOG_COMPILER_LAUNCHIMAGE_NAME = LaunchImage;
				GCC_PRECOMPILE_PREFIX_HEADER = YES;
				GCC_PREFIX_HEADER = "EMSideMenuSample/EMSideMenuSample-Prefix.pch";
				INFOPLIST_FILE = "EMSideMenuSample/EMSideMenuSample-Info.plist";
				PRODUCT_NAME = "$(TARGET_NAME)";
				WRAPPER_EXTENSION = app;
			};
			name = Debug;
		};
		4F54E72C184E3F5400A37D9F /* Release */ = {
			isa = XCBuildConfiguration;
			buildSettings = {
				ASSETCATALOG_COMPILER_APPICON_NAME = AppIcon;
				ASSETCATALOG_COMPILER_LAUNCHIMAGE_NAME = LaunchImage;
				GCC_PRECOMPILE_PREFIX_HEADER = YES;
				GCC_PREFIX_HEADER = "EMSideMenuSample/EMSideMenuSample-Prefix.pch";
				INFOPLIST_FILE = "EMSideMenuSample/EMSideMenuSample-Info.plist";
				PRODUCT_NAME = "$(TARGET_NAME)";
				WRAPPER_EXTENSION = app;
			};
			name = Release;
		};
		4F54E72E184E3F5400A37D9F /* Debug */ = {
			isa = XCBuildConfiguration;
			buildSettings = {
				ARCHS = "$(ARCHS_STANDARD_INCLUDING_64_BIT)";
				BUNDLE_LOADER = "$(BUILT_PRODUCTS_DIR)/EMSideMenuSample.app/EMSideMenuSample";
				FRAMEWORK_SEARCH_PATHS = (
					"$(SDKROOT)/Developer/Library/Frameworks",
					"$(inherited)",
					"$(DEVELOPER_FRAMEWORKS_DIR)",
				);
				GCC_PRECOMPILE_PREFIX_HEADER = YES;
				GCC_PREFIX_HEADER = "EMSideMenuSample/EMSideMenuSample-Prefix.pch";
				GCC_PREPROCESSOR_DEFINITIONS = (
					"DEBUG=1",
					"$(inherited)",
				);
				INFOPLIST_FILE = "EMSideMenuSampleTests/EMSideMenuSampleTests-Info.plist";
				PRODUCT_NAME = "$(TARGET_NAME)";
				TEST_HOST = "$(BUNDLE_LOADER)";
				WRAPPER_EXTENSION = xctest;
			};
			name = Debug;
		};
		4F54E72F184E3F5400A37D9F /* Release */ = {
			isa = XCBuildConfiguration;
			buildSettings = {
				ARCHS = "$(ARCHS_STANDARD_INCLUDING_64_BIT)";
				BUNDLE_LOADER = "$(BUILT_PRODUCTS_DIR)/EMSideMenuSample.app/EMSideMenuSample";
				FRAMEWORK_SEARCH_PATHS = (
					"$(SDKROOT)/Developer/Library/Frameworks",
					"$(inherited)",
					"$(DEVELOPER_FRAMEWORKS_DIR)",
				);
				GCC_PRECOMPILE_PREFIX_HEADER = YES;
				GCC_PREFIX_HEADER = "EMSideMenuSample/EMSideMenuSample-Prefix.pch";
				INFOPLIST_FILE = "EMSideMenuSampleTests/EMSideMenuSampleTests-Info.plist";
				PRODUCT_NAME = "$(TARGET_NAME)";
				TEST_HOST = "$(BUNDLE_LOADER)";
				WRAPPER_EXTENSION = xctest;
			};
			name = Release;
		};
/* End XCBuildConfiguration section */

/* Begin XCConfigurationList section */
		4F54E6F3184E3F5400A37D9F /* Build configuration list for PBXProject "EMSideMenuSample" */ = {
			isa = XCConfigurationList;
			buildConfigurations = (
				4F54E728184E3F5400A37D9F /* Debug */,
				4F54E729184E3F5400A37D9F /* Release */,
			);
			defaultConfigurationIsVisible = 0;
			defaultConfigurationName = Release;
		};
		4F54E72A184E3F5400A37D9F /* Build configuration list for PBXNativeTarget "EMSideMenuSample" */ = {
			isa = XCConfigurationList;
			buildConfigurations = (
				4F54E72B184E3F5400A37D9F /* Debug */,
				4F54E72C184E3F5400A37D9F /* Release */,
			);
			defaultConfigurationIsVisible = 0;
		};
		4F54E72D184E3F5400A37D9F /* Build configuration list for PBXNativeTarget "EMSideMenuSampleTests" */ = {
			isa = XCConfigurationList;
			buildConfigurations = (
				4F54E72E184E3F5400A37D9F /* Debug */,
				4F54E72F184E3F5400A37D9F /* Release */,
			);
			defaultConfigurationIsVisible = 0;
		};
/* End XCConfigurationList section */
	};
	rootObject = 4F54E6F0184E3F5400A37D9F /* Project object */;
}
